{
  "name": "cloudflare-workers",
  "lockfileVersion": 2,
  "requires": true,
  "packages": {
    "": {
      "dependencies": {
        "toucan-js": "^3.0.0"
      }
    },
    "node_modules/@sentry/core": {
      "version": "7.23.0",
      "resolved": "https://registry.npmjs.org/@sentry/core/-/core-7.23.0.tgz",
      "integrity": "sha512-oNLGsscSdMs1urCbpwe868NsoJWyeTOQXOm5w2e78yE7G6zm2Ra473NQio3lweaEvjQgSGpFyEfAn/3ubZbtPw==",
      "dependencies": {
        "@sentry/types": "7.23.0",
        "@sentry/utils": "7.23.0",
        "tslib": "^1.9.3"
      },
      "engines": {
        "node": ">=8"
      }
    },
    "node_modules/@sentry/types": {
      "version": "7.23.0",
      "resolved": "https://registry.npmjs.org/@sentry/types/-/types-7.23.0.tgz",
      "integrity": "sha512-fZ5XfVRswVZhKoCutQ27UpIHP16tvyc6ws+xq+njHv8Jg8gFBCoOxlJxuFhegD2xxylAn1aiSHNAErFWdajbpA==",
      "engines": {
        "node": ">=8"
      }
    },
    "node_modules/@sentry/utils": {
      "version": "7.23.0",
      "resolved": "https://registry.npmjs.org/@sentry/utils/-/utils-7.23.0.tgz",
      "integrity": "sha512-ad/XXH03MfgDH/7N7FjKEOVaKrfQWdMaE0nCxZCr2RrvlitlmGQmPpms95epr1CpzSU3BDRImlILx6+TlrXOgg==",
      "dependencies": {
        "@sentry/types": "7.23.0",
        "tslib": "^1.9.3"
      },
      "engines": {
        "node": ">=8"
      }
    },
    "node_modules/toucan-js": {
      "version": "3.0.0",
      "resolved": "https://registry.npmjs.org/toucan-js/-/toucan-js-3.0.0.tgz",
      "integrity": "sha512-nlEdWcwWgKAshQH1cA9AUFPHiQMIvO25fTb0+Nm8swFS05Iyg/3Z2Z6DwexcKC/JStHrvZRblkNQLXZ7s9ShuQ==",
      "dependencies": {
        "@sentry/core": "7.23.0",
        "@sentry/types": "7.23.0",
        "@sentry/utils": "7.23.0"
      }
    },
    "node_modules/tslib": {
      "version": "1.14.1",
      "resolved": "https://registry.npmjs.org/tslib/-/tslib-1.14.1.tgz",
      "integrity": "sha512-Xni35NKzjgMrwevysHTCArtLDpPvye8zV/0E4EyYn43P7/7qvQwPh9BGkHewbMulVntbigmcT7rdX3BNo9wRJg=="
    }
  },
  "dependencies": {
    "@sentry/core": {
      "version": "7.23.0",
      "resolved": "https://registry.npmjs.org/@sentry/core/-/core-7.23.0.tgz",
      "integrity": "sha512-oNLGsscSdMs1urCbpwe868NsoJWyeTOQXOm5w2e78yE7G6zm2Ra473NQio3lweaEvjQgSGpFyEfAn/3ubZbtPw==",
      "requires": {
        "@sentry/types": "7.23.0",
        "@sentry/utils": "7.23.0",
        "tslib": "^1.9.3"
      }
    },
    "@sentry/types": {
      "version": "7.23.0",
      "resolved": "https://registry.npmjs.org/@sentry/types/-/types-7.23.0.tgz",
      "integrity": "sha512-fZ5XfVRswVZhKoCutQ27UpIHP16tvyc6ws+xq+njHv8Jg8gFBCoOxlJxuFhegD2xxylAn1aiSHNAErFWdajbpA=="
    },
    "@sentry/utils": {
      "version": "7.23.0",
      "resolved": "https://registry.npmjs.org/@sentry/utils/-/utils-7.23.0.tgz",
      "integrity": "sha512-ad/XXH03MfgDH/7N7FjKEOVaKrfQWdMaE0nCxZCr2RrvlitlmGQmPpms95epr1CpzSU3BDRImlILx6+TlrXOgg==",
      "requires": {
        "@sentry/types": "7.23.0",
        "tslib": "^1.9.3"
      }
    },
    "toucan-js": {
      "version": "3.0.0",
      "resolved": "https://registry.npmjs.org/toucan-js/-/toucan-js-3.0.0.tgz",
      "integrity": "sha512-nlEdWcwWgKAshQH1cA9AUFPHiQMIvO25fTb0+Nm8swFS05Iyg/3Z2Z6DwexcKC/JStHrvZRblkNQLXZ7s9ShuQ==",
      "requires": {
        "@sentry/core": "7.23.0",
        "@sentry/types": "7.23.0",
        "@sentry/utils": "7.23.0"
      }
    },
    "tslib": {
      "version": "1.14.1",
      "resolved": "https://registry.npmjs.org/tslib/-/tslib-1.14.1.tgz",
      "integrity": "sha512-Xni35NKzjgMrwevysHTCArtLDpPvye8zV/0E4EyYn43P7/7qvQwPh9BGkHewbMulVntbigmcT7rdX3BNo9wRJg=="
    }
  }
}
